
Microsoft Visual Studio Solution File, Format Version 12.00
# Visual Studio Version 16
VisualStudioVersion = 16.0.30611.23
MinimumVisualStudioVersion = 10.0.40219.1
Project("{9A19103F-16F7-4668-BE54-9A1E7A4F7556}") = "Homework Cycle 1", "Homework Cycle\Homework Cycle 1.csproj", "{383FAD06-7684-4537-8672-9F457EF9CB87}"
EndProject
Project("{9A19103F-16F7-4668-BE54-9A1E7A4F7556}") = "Homework cycle 2", "Homework cycle 2\Homework cycle 2.csproj", "{81E8E48A-05F3-4271-9EAE-9E44B4FE377E}"
EndProject
Project("{9A19103F-16F7-4668-BE54-9A1E7A4F7556}") = "Homework Cycle 3", "Homework Cycle 3\Homework Cycle 3.csproj", "{A0042B7D-B030-474C-B25D-7F4FA212F7D1}"
EndProject
Project("{9A19103F-16F7-4668-BE54-9A1E7A4F7556}") = "Homework Cycle 4", "Homework Cycle 4\Homework Cycle 4.csproj", "{ED5DA5E5-F526-4FFE-B470-FFCE5ABC433F}"
EndProject
Project("{9A19103F-16F7-4668-BE54-9A1E7A4F7556}") = "Homework Cycle 5", "Homework Cycle 5\Homework Cycle 5.csproj", "{B3FF9588-A95E-492E-BF71-B1E260156238}"
EndProject
Project("{9A19103F-16F7-4668-BE54-9A1E7A4F7556}") = "Homework Cycle 6", "Homework Cycle 6\Homework Cycle 6.csproj", "{A0CC382B-EDAC-4F89-9324-726DA9AA4D1E}"
EndProject
Project("{9A19103F-16F7-4668-BE54-9A1E7A4F7556}") = "Homework Cycle 7", "Homework Cycle 7\Homework Cycle 7.csproj", "{D6DFA9F6-D319-49B0-B09C-70B53CE40676}"
EndProject
Project("{9A19103F-16F7-4668-BE54-9A1E7A4F7556}") = "Homework cycle 8", "Homework cycle 8\Homework cycle 8.csproj", "{B5E4B0B0-09A7-4520-8DB3-84DBA451077B}"
EndProject
Project("{9A19103F-16F7-4668-BE54-9A1E7A4F7556}") = "Homework Cycle 9", "Homework Cycle 9\Homework Cycle 9.csproj", "{5F358727-7B02-401A-BA4A-6AE6E4DB846F}"
EndProject
Project("{9A19103F-16F7-4668-BE54-9A1E7A4F7556}") = "Homework Cycle 10", "Homework Cycle 10\Homework Cycle 10.csproj", "{3F3B6F57-21E6-4E34-9CE5-EC91721CC0C7}"
EndProject
Project("{9A19103F-16F7-4668-BE54-9A1E7A4F7556}") = "Homework Cycle 11", "Homework Cycle 11\Homework Cycle 11.csproj", "{42E2C03C-0329-4996-9BA0-C82C955FE948}"
EndProject
Project("{9A19103F-16F7-4668-BE54-9A1E7A4F7556}") = "Homework Cycle 12", "Homework Cycle 12\Homework Cycle 12.csproj", "{8CE514F9-0B4C-4DD2-9F47-F5E13E33DC01}"
EndProject
Project("{FAE04EC0-301F-11D3-BF4B-00C04F79EFBC}") = "Cycles", "Cycles\Cycles.csproj", "{6999B1A9-303E-4805-82B1-1424C48F72FF}"
EndProject
Project("{FAE04EC0-301F-11D3-BF4B-00C04F79EFBC}") = "CyclesTests", "CyclesTests\CyclesTests.csproj", "{503C989D-88AA-44A2-A047-3A41B9595C94}"
EndProject
Global
	GlobalSection(SolutionConfigurationPlatforms) = preSolution
		Debug|Any CPU = Debug|Any CPU
		Release|Any CPU = Release|Any CPU
	EndGlobalSection
	GlobalSection(ProjectConfigurationPlatforms) = postSolution
		{383FAD06-7684-4537-8672-9F457EF9CB87}.Debug|Any CPU.ActiveCfg = Debug|Any CPU
		{383FAD06-7684-4537-8672-9F457EF9CB87}.Debug|Any CPU.Build.0 = Debug|Any CPU
		{383FAD06-7684-4537-8672-9F457EF9CB87}.Release|Any CPU.ActiveCfg = Release|Any CPU
		{383FAD06-7684-4537-8672-9F457EF9CB87}.Release|Any CPU.Build.0 = Release|Any CPU
		{81E8E48A-05F3-4271-9EAE-9E44B4FE377E}.Debug|Any CPU.ActiveCfg = Debug|Any CPU
		{81E8E48A-05F3-4271-9EAE-9E44B4FE377E}.Debug|Any CPU.Build.0 = Debug|Any CPU
		{81E8E48A-05F3-4271-9EAE-9E44B4FE377E}.Release|Any CPU.ActiveCfg = Release|Any CPU
		{81E8E48A-05F3-4271-9EAE-9E44B4FE377E}.Release|Any CPU.Build.0 = Release|Any CPU
		{A0042B7D-B030-474C-B25D-7F4FA212F7D1}.Debug|Any CPU.ActiveCfg = Debug|Any CPU
		{A0042B7D-B030-474C-B25D-7F4FA212F7D1}.Debug|Any CPU.Build.0 = Debug|Any CPU
		{A0042B7D-B030-474C-B25D-7F4FA212F7D1}.Release|Any CPU.ActiveCfg = Release|Any CPU
		{A0042B7D-B030-474C-B25D-7F4FA212F7D1}.Release|Any CPU.Build.0 = Release|Any CPU
		{ED5DA5E5-F526-4FFE-B470-FFCE5ABC433F}.Debug|Any CPU.ActiveCfg = Debug|Any CPU
		{ED5DA5E5-F526-4FFE-B470-FFCE5ABC433F}.Debug|Any CPU.Build.0 = Debug|Any CPU
		{ED5DA5E5-F526-4FFE-B470-FFCE5ABC433F}.Release|Any CPU.ActiveCfg = Release|Any CPU
		{ED5DA5E5-F526-4FFE-B470-FFCE5ABC433F}.Release|Any CPU.Build.0 = Release|Any CPU
		{B3FF9588-A95E-492E-BF71-B1E260156238}.Debug|Any CPU.ActiveCfg = Debug|Any CPU
		{B3FF9588-A95E-492E-BF71-B1E260156238}.Debug|Any CPU.Build.0 = Debug|Any CPU
		{B3FF9588-A95E-492E-BF71-B1E260156238}.Release|Any CPU.ActiveCfg = Release|Any CPU
		{B3FF9588-A95E-492E-BF71-B1E260156238}.Release|Any CPU.Build.0 = Release|Any CPU
		{A0CC382B-EDAC-4F89-9324-726DA9AA4D1E}.Debug|Any CPU.ActiveCfg = Debug|Any CPU
		{A0CC382B-EDAC-4F89-9324-726DA9AA4D1E}.Debug|Any CPU.Build.0 = Debug|Any CPU
		{A0CC382B-EDAC-4F89-9324-726DA9AA4D1E}.Release|Any CPU.ActiveCfg = Release|Any CPU
		{A0CC382B-EDAC-4F89-9324-726DA9AA4D1E}.Release|Any CPU.Build.0 = Release|Any CPU
		{D6DFA9F6-D319-49B0-B09C-70B53CE40676}.Debug|Any CPU.ActiveCfg = Debug|Any CPU
		{D6DFA9F6-D319-49B0-B09C-70B53CE40676}.Debug|Any CPU.Build.0 = Debug|Any CPU
		{D6DFA9F6-D319-49B0-B09C-70B53CE40676}.Release|Any CPU.ActiveCfg = Release|Any CPU
		{D6DFA9F6-D319-49B0-B09C-70B53CE40676}.Release|Any CPU.Build.0 = Release|Any CPU
		{B5E4B0B0-09A7-4520-8DB3-84DBA451077B}.Debug|Any CPU.ActiveCfg = Debug|Any CPU
		{B5E4B0B0-09A7-4520-8DB3-84DBA451077B}.Debug|Any CPU.Build.0 = Debug|Any CPU
		{B5E4B0B0-09A7-4520-8DB3-84DBA451077B}.Release|Any CPU.ActiveCfg = Release|Any CPU
		{B5E4B0B0-09A7-4520-8DB3-84DBA451077B}.Release|Any CPU.Build.0 = Release|Any CPU
		{5F358727-7B02-401A-BA4A-6AE6E4DB846F}.Debug|Any CPU.ActiveCfg = Debug|Any CPU
		{5F358727-7B02-401A-BA4A-6AE6E4DB846F}.Debug|Any CPU.Build.0 = Debug|Any CPU
		{5F358727-7B02-401A-BA4A-6AE6E4DB846F}.Release|Any CPU.ActiveCfg = Release|Any CPU
		{5F358727-7B02-401A-BA4A-6AE6E4DB846F}.Release|Any CPU.Build.0 = Release|Any CPU
		{3F3B6F57-21E6-4E34-9CE5-EC91721CC0C7}.Debug|Any CPU.ActiveCfg = Debug|Any CPU
		{3F3B6F57-21E6-4E34-9CE5-EC91721CC0C7}.Debug|Any CPU.Build.0 = Debug|Any CPU
		{3F3B6F57-21E6-4E34-9CE5-EC91721CC0C7}.Release|Any CPU.ActiveCfg = Release|Any CPU
		{3F3B6F57-21E6-4E34-9CE5-EC91721CC0C7}.Release|Any CPU.Build.0 = Release|Any CPU
		{42E2C03C-0329-4996-9BA0-C82C955FE948}.Debug|Any CPU.ActiveCfg = Debug|Any CPU
		{42E2C03C-0329-4996-9BA0-C82C955FE948}.Debug|Any CPU.Build.0 = Debug|Any CPU
		{42E2C03C-0329-4996-9BA0-C82C955FE948}.Release|Any CPU.ActiveCfg = Release|Any CPU
		{42E2C03C-0329-4996-9BA0-C82C955FE948}.Release|Any CPU.Build.0 = Release|Any CPU
		{8CE514F9-0B4C-4DD2-9F47-F5E13E33DC01}.Debug|Any CPU.ActiveCfg = Debug|Any CPU
		{8CE514F9-0B4C-4DD2-9F47-F5E13E33DC01}.Debug|Any CPU.Build.0 = Debug|Any CPU
		{8CE514F9-0B4C-4DD2-9F47-F5E13E33DC01}.Release|Any CPU.ActiveCfg = Release|Any CPU
		{8CE514F9-0B4C-4DD2-9F47-F5E13E33DC01}.Release|Any CPU.Build.0 = Release|Any CPU
		{6999B1A9-303E-4805-82B1-1424C48F72FF}.Debug|Any CPU.ActiveCfg = Debug|Any CPU
		{6999B1A9-303E-4805-82B1-1424C48F72FF}.Debug|Any CPU.Build.0 = Debug|Any CPU
		{6999B1A9-303E-4805-82B1-1424C48F72FF}.Release|Any CPU.ActiveCfg = Release|Any CPU
		{6999B1A9-303E-4805-82B1-1424C48F72FF}.Release|Any CPU.Build.0 = Release|Any CPU
		{503C989D-88AA-44A2-A047-3A41B9595C94}.Debug|Any CPU.ActiveCfg = Debug|Any CPU
		{503C989D-88AA-44A2-A047-3A41B9595C94}.Debug|Any CPU.Build.0 = Debug|Any CPU
		{503C989D-88AA-44A2-A047-3A41B9595C94}.Release|Any CPU.ActiveCfg = Release|Any CPU
		{503C989D-88AA-44A2-A047-3A41B9595C94}.Release|Any CPU.Build.0 = Release|Any CPU
	EndGlobalSection
	GlobalSection(SolutionProperties) = preSolution
		HideSolutionNode = FALSE
	EndGlobalSection
	GlobalSection(ExtensibilityGlobals) = postSolution
		SolutionGuid = {111112F7-0DDE-4C6D-8602-1E922006560A}
	EndGlobalSection
EndGlobal
